
Microsoft Visual Studio Solution File, Format Version 12.00
# Visual Studio Version 16
VisualStudioVersion = 16.0.33423.256
MinimumVisualStudioVersion = 10.0.40219.1
Project("{8BC9CEB8-8B4A-11D0-8D11-00A0C91BC942}") = "ConsoleApplication1", "ConsoleApplication1\ConsoleApplication1.vcxproj", "{0F2E5AF7-A50C-4193-BFDE-1FC0C23D619E}"
EndProject
Global
	GlobalSection(SolutionConfigurationPlatforms) = preSolution
		Debug|x64 = Debug|x64
		Debug|x86 = Debug|x86
		Release|x64 = Release|x64
		Release|x86 = Release|x86
	EndGlobalSection
	GlobalSection(ProjectConfigurationPlatforms) = postSolution
		{0F2E5AF7-A50C-4193-BFDE-1FC0C23D619E}.Debug|x64.ActiveCfg = Debug|x64
		{0F2E5AF7-A50C-4193-BFDE-1FC0C23D619E}.Debug|x64.Build.0 = Debug|x64
		{0F2E5AF7-A50C-4193-BFDE-1FC0C23D619E}.Debug|x86.ActiveCfg = Debug|Win32
		{0F2E5AF7-A50C-4193-BFDE-1FC0C23D619E}.Debug|x86.Build.0 = Debug|Win32
		{0F2E5AF7-A50C-4193-BFDE-1FC0C23D619E}.Release|x64.ActiveCfg = Release|x64
		{0F2E5AF7-A50C-4193-BFDE-1FC0C23D619E}.Release|x64.Build.0 = Release|x64
		{0F2E5AF7-A50C-4193-BFDE-1FC0C23D619E}.Release|x86.ActiveCfg = Release|Win32
		{0F2E5AF7-A50C-4193-BFDE-1FC0C23D619E}.Release|x86.Build.0 = Release|Win32
	EndGlobalSection
	GlobalSection(SolutionProperties) = preSolution
		HideSolutionNode = FALSE
	EndGlobalSection
	GlobalSection(ExtensibilityGlobals) = postSolution
		SolutionGuid = {77FCA4BD-4BD9-446D-B8E9-B7FD791E8383}
	EndGlobalSection
EndGlobal
